# This file is automatically @generated by Cargo.
# It is not intended for manual editing.
version = 4

[[package]]
name = "bitflags"
version = "2.11.1"
source = "registry+https://github.com/rust-lang/crates.io-index"
checksum = "c4512299f36f043ab09a583e57bceb5a5aab7a73db1805848e8fef3c9e8c78b3"

[[package]]
name = "cc"
version = "1.2.61"
source = "registry+https://github.com/rust-lang/crates.io-index"
checksum = "d16d90359e986641506914ba71350897565610e87ce0ad9e6f28569db3dd5c6d"
dependencies = [
 "find-msvc-tools",
 "shlex",
]

[[package]]
name = "cmake"
version = "0.1.54"
source = "registry+https://github.com/rust-lang/crates.io-index"
checksum = "e7caa3f9de89ddbe2c607f4101924c5abec803763ae9534e4f4d7d8f84aa81f0"
dependencies = [
 "cc",
]

[[package]]
name = "find-msvc-tools"
version = "0.1.9"
source = "registry+https://github.com/rust-lang/crates.io-index"
checksum = "5baebc0774151f905a1a2cc41989300b1e6fbb29aff0ceffa1064fdd3088d582"

[[package]]
name = "glam"
version = "0.32.1"
source = "registry+https://github.com/rust-lang/crates.io-index"
checksum = "f70749695b063ecbf6b62949ccccde2e733ec3ecbbd71d467dca4e5c6c97cca0"

[[package]]
name = "graphics"
version = "0.1.0"
dependencies = [
 "glam",
 "sdl3",
 "shaderc",
]

[[package]]
name = "libc"
version = "0.2.186"
source = "registry+https://github.com/rust-lang/crates.io-index"
checksum = "68ab91017fe16c622486840e4c83c9a37afeff978bd239b5293d61ece587de66"

[[package]]
name = "link-cplusplus"
version = "1.0.12"
source = "registry+https://github.com/rust-lang/crates.io-index"
checksum = "7f78c730aaa7d0b9336a299029ea49f9ee53b0ed06e9202e8cb7db9bae7b8c82"
dependencies = [
 "cc",
]

[[package]]
name = "pkg-config"
version = "0.3.33"
source = "registry+https://github.com/rust-lang/crates.io-index"
checksum = "19f132c84eca552bf34cab8ec81f1c1dcc229b811638f9d283dceabe58c5569e"

[[package]]
name = "roxmltree"
version = "0.20.0"
source = "registry+https://github.com/rust-lang/crates.io-index"
checksum = "6c20b6793b5c2fa6553b250154b78d6d0db37e72700ae35fad9387a46f487c97"

[[package]]
name = "rpkg-config"
version = "0.1.2"
source = "registry+https://github.com/rust-lang/crates.io-index"
checksum = "5a2d2f3481209a6b42eec2fbb49063fb4e8d35b57023401495d4fe0f85c817f0"

[[package]]
name = "sdl3"
version = "0.18.0"
source = "registry+https://github.com/rust-lang/crates.io-index"
checksum = "96e613fca5924ccab8ab8369ab292a1b4720b125e98007fbda163f4ce7176472"
dependencies = [
 "bitflags",
 "libc",
 "sdl3-image-sys",
 "sdl3-mixer-sys",
 "sdl3-sys",
 "sdl3-ttf-sys",
]

[[package]]
name = "sdl3-image-src"
version = "3.4.2"
source = "registry+https://github.com/rust-lang/crates.io-index"
checksum = "d415de3fa6e610c3ae4994838f222d50ecb1d4dd8f8618f4049de2f41956a000"

[[package]]
name = "sdl3-image-sys"
version = "0.6.2+SDL-image-3.4.2"
source = "registry+https://github.com/rust-lang/crates.io-index"
checksum = "64a0c5e6f5874aef7cdc76ff36855bffd98f52feb9df3f5b7f443e0beb4472fe"
dependencies = [
 "cmake",
 "rpkg-config",
 "sdl3-image-src",
 "sdl3-sys",
]

[[package]]
name = "sdl3-mixer-src"
version = "3.2.0"
source = "registry+https://github.com/rust-lang/crates.io-index"
checksum = "1eadf2552e54f487570e82454e325358f8f4ce1b602ce5837206659805c9f2b8"

[[package]]
name = "sdl3-mixer-sys"
version = "0.6.1+SDL-mixer-3.2.0"
source = "registry+https://github.com/rust-lang/crates.io-index"
checksum = "f493bd0cf6f2ba15ab5e40dea89ca16fee6e1a6a7926a549a60225ccc033cfee"
dependencies = [
 "cmake",
 "rpkg-config",
 "sdl3-mixer-src",
 "sdl3-sys",
]

[[package]]
name = "sdl3-src"
version = "3.4.6"
source = "registry+https://github.com/rust-lang/crates.io-index"
checksum = "7d25f7fa90b9df6e049c5972065e26f2af3a547bc6acf633dc31037f8234385c"

[[package]]
name = "sdl3-sys"
version = "0.6.4+SDL-3.4.6"
source = "registry+https://github.com/rust-lang/crates.io-index"
checksum = "b6a5898a64973b5f5b350b3d55aa9da8c8f36e4e1d145209871ba17fe6942c56"
dependencies = [
 "cc",
 "cmake",
 "rpkg-config",
 "sdl3-src",
]

[[package]]
name = "sdl3-ttf-src"
version = "3.2.3"
source = "registry+https://github.com/rust-lang/crates.io-index"
checksum = "f28923d2ce72ff317d8eb7cec97ddfb8f351c330d7bcbf8c76e91332122c93b3"

[[package]]
name = "sdl3-ttf-sys"
version = "0.6.0+SDL-ttf-3.2.2"
source = "registry+https://github.com/rust-lang/crates.io-index"
checksum = "c30da3dcd7e062f19350b47a532f7629c42801b801687535fd31e8ba2adfd71d"
dependencies = [
 "cmake",
 "rpkg-config",
 "sdl3-sys",
 "sdl3-ttf-src",
]

[[package]]
name = "shaderc"
version = "0.10.1"
source = "registry+https://github.com/rust-lang/crates.io-index"
checksum = "8ab2a6e36d1c1e2320c87e2b806a3e7b0dffaa67b82c14a39dad6cf7637208ae"
dependencies = [
 "libc",
 "shaderc-sys",
]

[[package]]
name = "shaderc-sys"
version = "0.10.1"
source = "registry+https://github.com/rust-lang/crates.io-index"
checksum = "bdceb85b2c6d2c27b95ffe2d341063dfded0aca8046f7f60c544bbeaeaf8bcae"
dependencies = [
 "cmake",
 "libc",
 "link-cplusplus",
 "pkg-config",
 "roxmltree",
]

[[package]]
name = "shlex"
version = "1.3.0"
source = "registry+https://github.com/rust-lang/crates.io-index"
checksum = "0fda2ff0d084019ba4d7c6f371c95d8fd75ce3524c3cb8fb653a3023f6323e64"
